
Microsoft Visual Studio Solution File, Format Version 12.00
# Visual Studio Version 17
VisualStudioVersion = 17.5.33414.496
MinimumVisualStudioVersion = 10.0.40219.1
Project("{8BC9CEB8-8B4A-11D0-8D11-00A0C91BC942}") = "Project2", "Project2\Project2.vcxproj", "{017B6E90-639C-4C0C-80C3-20264542DAAC}"
EndProject
Global
	GlobalSection(SolutionConfigurationPlatforms) = preSolution
		Debug|x64 = Debug|x64
		Debug|x86 = Debug|x86
		Release|x64 = Release|x64
		Release|x86 = Release|x86
	EndGlobalSection
	GlobalSection(ProjectConfigurationPlatforms) = postSolution
		{017B6E90-639C-4C0C-80C3-20264542DAAC}.Debug|x64.ActiveCfg = Debug|x64
		{017B6E90-639C-4C0C-80C3-20264542DAAC}.Debug|x64.Build.0 = Debug|x64
		{017B6E90-639C-4C0C-80C3-20264542DAAC}.Debug|x86.ActiveCfg = Debug|Win32
		{017B6E90-639C-4C0C-80C3-20264542DAAC}.Debug|x86.Build.0 = Debug|Win32
		{017B6E90-639C-4C0C-80C3-20264542DAAC}.Release|x64.ActiveCfg = Release|x64
		{017B6E90-639C-4C0C-80C3-20264542DAAC}.Release|x64.Build.0 = Release|x64
		{017B6E90-639C-4C0C-80C3-20264542DAAC}.Release|x86.ActiveCfg = Release|Win32
		{017B6E90-639C-4C0C-80C3-20264542DAAC}.Release|x86.Build.0 = Release|Win32
	EndGlobalSection
	GlobalSection(SolutionProperties) = preSolution
		HideSolutionNode = FALSE
	EndGlobalSection
	GlobalSection(ExtensibilityGlobals) = postSolution
		SolutionGuid = {114BA1AE-A906-4F1B-ACFF-81997E28377A}
	EndGlobalSection
EndGlobal
